<?xml version="1.0" encoding="utf-8"?>
<Project ToolsVersion="4.0" xmlns="http://schemas.microsoft.com/developer/msbuild/2003">
  <ItemGroup>
    <Filter Include="源文件">
      <UniqueIdentifier>{4FC737F1-C7A5-4376-A066-2A32D752A2FF}</UniqueIdentifier>
      <Extensions>cpp;c;cc;cxx;def;odl;idl;hpj;bat;asm;asmx</Extensions>
    </Filter>
    <Filter Include="头文件">
      <UniqueIdentifier>{93995380-89BD-4b04-88EB-625FBE52EBFB}</UniqueIdentifier>
      <Extensions>h;hh;hpp;hxx;hm;inl;inc;ipp;xsd</Extensions>
    </Filter>
    <Filter Include="资源文件">
      <UniqueIdentifier>{67DA6AB6-F800-4c08-8B7A-83BB121AAD01}</UniqueIdentifier>
      <Extensions>rc;ico;cur;bmp;dlg;rc2;rct;bin;rgs;gif;jpg;jpeg;jpe;resx;tiff;tif;png;wav;mfcribbon-ms</Extensions>
    </Filter>
    <Filter Include="源文件\Book2">
      <UniqueIdentifier>{eddd9afa-6466-43aa-907a-706d31bba572}</UniqueIdentifier>
    </Filter>
    <Filter Include="源文件\Book1">
      <UniqueIdentifier>{73db3103-d458-4e9a-a371-2b41cf848c79}</UniqueIdentifier>
    </Filter>
    <Filter Include="源文件\Book1\Chapter12">
      <UniqueIdentifier>{033d5107-ad73-43a4-9e67-38bc0971d74e}</UniqueIdentifier>
    </Filter>
    <Filter Include="源文件\Book1\Chapter1">
      <UniqueIdentifier>{1829cbec-8ecb-4a43-9dfd-d73b6a113ec3}</UniqueIdentifier>
    </Filter>
    <Filter Include="源文件\Book1\Chapter2">
      <UniqueIdentifier>{1774aa41-5fca-433f-adf0-cd714ba3b076}</UniqueIdentifier>
    </Filter>
    <Filter Include="源文件\Book1\Chapter3">
      <UniqueIdentifier>{bbb23a5c-d3ba-42c7-9559-40a5338de9e9}</UniqueIdentifier>
    </Filter>
    <Filter Include="源文件\Book1\Chapter4">
      <UniqueIdentifier>{93791bfb-e118-4e05-b440-f5df327ddf38}</UniqueIdentifier>
    </Filter>
    <Filter Include="源文件\Book1\Chapter5">
      <UniqueIdentifier>{256fd2c3-2509-41b4-a165-6b6291338fae}</UniqueIdentifier>
    </Filter>
    <Filter Include="源文件\Book1\Chapter6">
      <UniqueIdentifier>{46e91aec-1c9b-4ddc-bb9b-260630c2098c}</UniqueIdentifier>
    </Filter>
    <Filter Include="源文件\Book1\Chapter7">
      <UniqueIdentifier>{29bcae40-c883-49b3-ab17-03e8784ad9b6}</UniqueIdentifier>
    </Filter>
    <Filter Include="源文件\Book1\Chapter8">
      <UniqueIdentifier>{dae2d208-6118-45eb-8170-bd2855eeb01c}</UniqueIdentifier>
    </Filter>
    <Filter Include="源文件\Book1\Chapter9">
      <UniqueIdentifier>{68ab58c7-bc64-463a-9b4a-66b1c55f2431}</UniqueIdentifier>
    </Filter>
    <Filter Include="源文件\Book1\Chapter10">
      <UniqueIdentifier>{2e8f1ca7-b9d0-4d4f-934c-a8c80c467c60}</UniqueIdentifier>
    </Filter>
    <Filter Include="源文件\Book1\Chapter11">
      <UniqueIdentifier>{6003c746-94fd-4171-9f07-59497da4708e}</UniqueIdentifier>
    </Filter>
    <Filter Include="源文件\Book2\Chapter1">
      <UniqueIdentifier>{1e7a83d6-e5ef-44b8-a52b-9ad496e65f25}</UniqueIdentifier>
    </Filter>
  </ItemGroup>
  <ItemGroup>
    <ClInclude Include="pch.h">
      <Filter>头文件</Filter>
    </ClInclude>
    <ClInclude Include="vec3.h">
      <Filter>头文件</Filter>
    </ClInclude>
    <ClInclude Include="ray.h">
      <Filter>头文件</Filter>
    </ClInclude>
    <ClInclude Include="hitable.h">
      <Filter>头文件</Filter>
    </ClInclude>
    <ClInclude Include="hitable_list.h">
      <Filter>头文件</Filter>
    </ClInclude>
    <ClInclude Include="sphere.h">
      <Filter>头文件</Filter>
    </ClInclude>
    <ClInclude Include="camera.h">
      <Filter>头文件</Filter>
    </ClInclude>
    <ClInclude Include="lambertian.h">
      <Filter>头文件</Filter>
    </ClInclude>
    <ClInclude Include="material.h">
      <Filter>头文件</Filter>
    </ClInclude>
    <ClInclude Include="metal.h">
      <Filter>头文件</Filter>
    </ClInclude>
    <ClInclude Include="dielectrics.h">
      <Filter>头文件</Filter>
    </ClInclude>
    <ClInclude Include="moving_sphere.h">
      <Filter>头文件</Filter>
    </ClInclude>
  </ItemGroup>
  <ItemGroup>
    <ClCompile Include="pch.cpp">
      <Filter>源文件</Filter>
    </ClCompile>
    <ClCompile Include="RayTracing.cpp">
      <Filter>源文件</Filter>
    </ClCompile>
    <ClCompile Include="Picture_2_1.cpp">
      <Filter>源文件\Book2\Chapter1</Filter>
    </ClCompile>
  </ItemGroup>
</Project>